
Microsoft Visual Studio Solution File, Format Version 12.00
# Visual Studio Version 17
VisualStudioVersion = 17.14.37027.9 d17.14
MinimumVisualStudioVersion = 10.0.40219.1
Project("{FAE04EC0-301F-11D3-BF4B-00C04F79EFBC}") = "WinForms_GUI_App", "WinForms_GUI_App.csproj", "{C6F929D8-4BE7-4B3E-86B3-356E165A1295}"
EndProject
Global
	GlobalSection(SolutionConfigurationPlatforms) = preSolution
		Debug|Any CPU = Debug|Any CPU
		Release|Any CPU = Release|Any CPU
	EndGlobalSection
	GlobalSection(ProjectConfigurationPlatforms) = postSolution
		{C6F929D8-4BE7-4B3E-86B3-356E165A1295}.Debug|Any CPU.ActiveCfg = Debug|Any CPU
		{C6F929D8-4BE7-4B3E-86B3-356E165A1295}.Debug|Any CPU.Build.0 = Debug|Any CPU
		{C6F929D8-4BE7-4B3E-86B3-356E165A1295}.Release|Any CPU.ActiveCfg = Release|Any CPU
		{C6F929D8-4BE7-4B3E-86B3-356E165A1295}.Release|Any CPU.Build.0 = Release|Any CPU
	EndGlobalSection
	GlobalSection(SolutionProperties) = preSolution
		HideSolutionNode = FALSE
	EndGlobalSection
	GlobalSection(ExtensibilityGlobals) = postSolution
		SolutionGuid = {5AFD6522-2301-4D60-85CF-70B76AF48B17}
	EndGlobalSection
EndGlobal
